
Microsoft Visual Studio Solution File, Format Version 12.00
# Visual Studio Version 16
VisualStudioVersion = 16.0.30717.126
MinimumVisualStudioVersion = 16.0.30717.126
Project("{FAE04EC0-301F-11D3-BF4B-00C04F79EFBC}") = "day01", "day01\day01.csproj", "{1261DAB3-07A5-45CB-9AAA-A52806BBB294}"
EndProject
Project("{FAE04EC0-301F-11D3-BF4B-00C04F79EFBC}") = "day02", "day02\day02.csproj", "{6EAF8BAE-55C9-4B04-A489-E0C2B783629E}"
EndProject
Project("{FAE04EC0-301F-11D3-BF4B-00C04F79EFBC}") = "day03", "day03\day03.csproj", "{FB4C7C4F-F92A-429B-8EBF-717B7CE2660A}"
EndProject
Project("{FAE04EC0-301F-11D3-BF4B-00C04F79EFBC}") = "day04", "day04\day04.csproj", "{9C295B3B-94D1-454F-AB2D-8A4BF5AAEC15}"
EndProject
Project("{FAE04EC0-301F-11D3-BF4B-00C04F79EFBC}") = "day05", "day05\day05.csproj", "{1975317C-1497-4023-9C26-972E54F593EA}"
EndProject
Project("{FAE04EC0-301F-11D3-BF4B-00C04F79EFBC}") = "day06", "day06\day06.csproj", "{0EB28305-9F87-459C-A981-AACE0F88A7FA}"
EndProject
Project("{FAE04EC0-301F-11D3-BF4B-00C04F79EFBC}") = "day07", "day07\day07.csproj", "{0A44759B-CBE5-40B6-B1A3-52AF85B6D94A}"
EndProject
Project("{FAE04EC0-301F-11D3-BF4B-00C04F79EFBC}") = "day08", "day08\day08.csproj", "{8195753D-1DC6-42DD-8190-32AD2EFF951A}"
EndProject
Project("{FAE04EC0-301F-11D3-BF4B-00C04F79EFBC}") = "day09", "day09\day09.csproj", "{99A6CC14-2E15-4145-9EF6-F86500D44673}"
EndProject
Project("{FAE04EC0-301F-11D3-BF4B-00C04F79EFBC}") = "day10", "day10\day10.csproj", "{C174A495-DA68-4B23-985E-424FF72D8E1A}"
EndProject
Project("{FAE04EC0-301F-11D3-BF4B-00C04F79EFBC}") = "day11", "day11\day11.csproj", "{91419E6F-1544-4F2E-A938-75517FD9DC14}"
EndProject
Project("{FAE04EC0-301F-11D3-BF4B-00C04F79EFBC}") = "day12", "day12\day12.csproj", "{C6CBC7FB-4C88-4C05-862D-ABE12991AD86}"
EndProject
Project("{FAE04EC0-301F-11D3-BF4B-00C04F79EFBC}") = "day13", "day13\day13.csproj", "{7C1B7A75-EDF5-4F3E-8062-63E648CED817}"
EndProject
Project("{FAE04EC0-301F-11D3-BF4B-00C04F79EFBC}") = "day14", "day14\day14.csproj", "{E71A8733-FEF6-4B5C-A167-0327AFA90DB6}"
EndProject
Project("{FAE04EC0-301F-11D3-BF4B-00C04F79EFBC}") = "day15", "day15\day15.csproj", "{8B70E312-1699-4B46-8519-D26E68952880}"
EndProject
Project("{FAE04EC0-301F-11D3-BF4B-00C04F79EFBC}") = "day16", "day16\day16.csproj", "{943EEE57-70CA-49AE-936F-6E1D5189422B}"
EndProject
Project("{FAE04EC0-301F-11D3-BF4B-00C04F79EFBC}") = "day17", "day17\day17.csproj", "{76E829BB-1323-4677-9FED-073EF032E8E6}"
EndProject
Project("{FAE04EC0-301F-11D3-BF4B-00C04F79EFBC}") = "day18", "day18\day18.csproj", "{ECE8B709-1711-458D-8F02-380C4C301F13}"
EndProject
Project("{FAE04EC0-301F-11D3-BF4B-00C04F79EFBC}") = "day19", "day19\day19.csproj", "{40E6ECE7-367A-4F95-8492-1D2F6B5C49CD}"
EndProject
Project("{FAE04EC0-301F-11D3-BF4B-00C04F79EFBC}") = "day20", "day20\day20.csproj", "{E70B3B63-0C39-4DA7-A390-7AA3FAD4AB4A}"
EndProject
Project("{FAE04EC0-301F-11D3-BF4B-00C04F79EFBC}") = "day21", "day21\day21.csproj", "{5F0CCA6B-0AA5-4FD2-AD3A-754217B51301}"
EndProject
Project("{FAE04EC0-301F-11D3-BF4B-00C04F79EFBC}") = "day22", "day22\day22.csproj", "{5312B088-9836-4DC2-8EA3-7320E6DED405}"
EndProject
Global
	GlobalSection(SolutionConfigurationPlatforms) = preSolution
		Debug|Any CPU = Debug|Any CPU
		Release|Any CPU = Release|Any CPU
	EndGlobalSection
	GlobalSection(ProjectConfigurationPlatforms) = postSolution
		{1261DAB3-07A5-45CB-9AAA-A52806BBB294}.Debug|Any CPU.ActiveCfg = Debug|Any CPU
		{1261DAB3-07A5-45CB-9AAA-A52806BBB294}.Debug|Any CPU.Build.0 = Debug|Any CPU
		{1261DAB3-07A5-45CB-9AAA-A52806BBB294}.Release|Any CPU.ActiveCfg = Release|Any CPU
		{1261DAB3-07A5-45CB-9AAA-A52806BBB294}.Release|Any CPU.Build.0 = Release|Any CPU
		{6EAF8BAE-55C9-4B04-A489-E0C2B783629E}.Debug|Any CPU.ActiveCfg = Debug|Any CPU
		{6EAF8BAE-55C9-4B04-A489-E0C2B783629E}.Debug|Any CPU.Build.0 = Debug|Any CPU
		{6EAF8BAE-55C9-4B04-A489-E0C2B783629E}.Release|Any CPU.ActiveCfg = Release|Any CPU
		{6EAF8BAE-55C9-4B04-A489-E0C2B783629E}.Release|Any CPU.Build.0 = Release|Any CPU
		{FB4C7C4F-F92A-429B-8EBF-717B7CE2660A}.Debug|Any CPU.ActiveCfg = Debug|Any CPU
		{FB4C7C4F-F92A-429B-8EBF-717B7CE2660A}.Debug|Any CPU.Build.0 = Debug|Any CPU
		{FB4C7C4F-F92A-429B-8EBF-717B7CE2660A}.Release|Any CPU.ActiveCfg = Release|Any CPU
		{FB4C7C4F-F92A-429B-8EBF-717B7CE2660A}.Release|Any CPU.Build.0 = Release|Any CPU
		{9C295B3B-94D1-454F-AB2D-8A4BF5AAEC15}.Debug|Any CPU.ActiveCfg = Debug|Any CPU
		{9C295B3B-94D1-454F-AB2D-8A4BF5AAEC15}.Debug|Any CPU.Build.0 = Debug|Any CPU
		{9C295B3B-94D1-454F-AB2D-8A4BF5AAEC15}.Release|Any CPU.ActiveCfg = Release|Any CPU
		{9C295B3B-94D1-454F-AB2D-8A4BF5AAEC15}.Release|Any CPU.Build.0 = Release|Any CPU
		{1975317C-1497-4023-9C26-972E54F593EA}.Debug|Any CPU.ActiveCfg = Debug|Any CPU
		{1975317C-1497-4023-9C26-972E54F593EA}.Debug|Any CPU.Build.0 = Debug|Any CPU
		{1975317C-1497-4023-9C26-972E54F593EA}.Release|Any CPU.ActiveCfg = Release|Any CPU
		{1975317C-1497-4023-9C26-972E54F593EA}.Release|Any CPU.Build.0 = Release|Any CPU
		{0EB28305-9F87-459C-A981-AACE0F88A7FA}.Debug|Any CPU.ActiveCfg = Debug|Any CPU
		{0EB28305-9F87-459C-A981-AACE0F88A7FA}.Debug|Any CPU.Build.0 = Debug|Any CPU
		{0EB28305-9F87-459C-A981-AACE0F88A7FA}.Release|Any CPU.ActiveCfg = Release|Any CPU
		{0EB28305-9F87-459C-A981-AACE0F88A7FA}.Release|Any CPU.Build.0 = Release|Any CPU
		{0A44759B-CBE5-40B6-B1A3-52AF85B6D94A}.Debug|Any CPU.ActiveCfg = Debug|Any CPU
		{0A44759B-CBE5-40B6-B1A3-52AF85B6D94A}.Debug|Any CPU.Build.0 = Debug|Any CPU
		{0A44759B-CBE5-40B6-B1A3-52AF85B6D94A}.Release|Any CPU.ActiveCfg = Release|Any CPU
		{0A44759B-CBE5-40B6-B1A3-52AF85B6D94A}.Release|Any CPU.Build.0 = Release|Any CPU
		{8195753D-1DC6-42DD-8190-32AD2EFF951A}.Debug|Any CPU.ActiveCfg = Debug|Any CPU
		{8195753D-1DC6-42DD-8190-32AD2EFF951A}.Debug|Any CPU.Build.0 = Debug|Any CPU
		{8195753D-1DC6-42DD-8190-32AD2EFF951A}.Release|Any CPU.ActiveCfg = Release|Any CPU
		{8195753D-1DC6-42DD-8190-32AD2EFF951A}.Release|Any CPU.Build.0 = Release|Any CPU
		{99A6CC14-2E15-4145-9EF6-F86500D44673}.Debug|Any CPU.ActiveCfg = Debug|Any CPU
		{99A6CC14-2E15-4145-9EF6-F86500D44673}.Debug|Any CPU.Build.0 = Debug|Any CPU
		{99A6CC14-2E15-4145-9EF6-F86500D44673}.Release|Any CPU.ActiveCfg = Release|Any CPU
		{99A6CC14-2E15-4145-9EF6-F86500D44673}.Release|Any CPU.Build.0 = Release|Any CPU
		{C174A495-DA68-4B23-985E-424FF72D8E1A}.Debug|Any CPU.ActiveCfg = Debug|Any CPU
		{C174A495-DA68-4B23-985E-424FF72D8E1A}.Debug|Any CPU.Build.0 = Debug|Any CPU
		{C174A495-DA68-4B23-985E-424FF72D8E1A}.Release|Any CPU.ActiveCfg = Release|Any CPU
		{C174A495-DA68-4B23-985E-424FF72D8E1A}.Release|Any CPU.Build.0 = Release|Any CPU
		{91419E6F-1544-4F2E-A938-75517FD9DC14}.Debug|Any CPU.ActiveCfg = Debug|Any CPU
		{91419E6F-1544-4F2E-A938-75517FD9DC14}.Debug|Any CPU.Build.0 = Debug|Any CPU
		{91419E6F-1544-4F2E-A938-75517FD9DC14}.Release|Any CPU.ActiveCfg = Release|Any CPU
		{91419E6F-1544-4F2E-A938-75517FD9DC14}.Release|Any CPU.Build.0 = Release|Any CPU
		{C6CBC7FB-4C88-4C05-862D-ABE12991AD86}.Debug|Any CPU.ActiveCfg = Debug|Any CPU
		{C6CBC7FB-4C88-4C05-862D-ABE12991AD86}.Debug|Any CPU.Build.0 = Debug|Any CPU
		{C6CBC7FB-4C88-4C05-862D-ABE12991AD86}.Release|Any CPU.ActiveCfg = Release|Any CPU
		{C6CBC7FB-4C88-4C05-862D-ABE12991AD86}.Release|Any CPU.Build.0 = Release|Any CPU
		{7C1B7A75-EDF5-4F3E-8062-63E648CED817}.Debug|Any CPU.ActiveCfg = Debug|Any CPU
		{7C1B7A75-EDF5-4F3E-8062-63E648CED817}.Debug|Any CPU.Build.0 = Debug|Any CPU
		{7C1B7A75-EDF5-4F3E-8062-63E648CED817}.Release|Any CPU.ActiveCfg = Release|Any CPU
		{7C1B7A75-EDF5-4F3E-8062-63E648CED817}.Release|Any CPU.Build.0 = Release|Any CPU
		{E71A8733-FEF6-4B5C-A167-0327AFA90DB6}.Debug|Any CPU.ActiveCfg = Debug|Any CPU
		{E71A8733-FEF6-4B5C-A167-0327AFA90DB6}.Debug|Any CPU.Build.0 = Debug|Any CPU
		{E71A8733-FEF6-4B5C-A167-0327AFA90DB6}.Release|Any CPU.ActiveCfg = Release|Any CPU
		{E71A8733-FEF6-4B5C-A167-0327AFA90DB6}.Release|Any CPU.Build.0 = Release|Any CPU
		{8B70E312-1699-4B46-8519-D26E68952880}.Debug|Any CPU.ActiveCfg = Debug|Any CPU
		{8B70E312-1699-4B46-8519-D26E68952880}.Debug|Any CPU.Build.0 = Debug|Any CPU
		{8B70E312-1699-4B46-8519-D26E68952880}.Release|Any CPU.ActiveCfg = Release|Any CPU
		{8B70E312-1699-4B46-8519-D26E68952880}.Release|Any CPU.Build.0 = Release|Any CPU
		{943EEE57-70CA-49AE-936F-6E1D5189422B}.Debug|Any CPU.ActiveCfg = Debug|Any CPU
		{943EEE57-70CA-49AE-936F-6E1D5189422B}.Debug|Any CPU.Build.0 = Debug|Any CPU
		{943EEE57-70CA-49AE-936F-6E1D5189422B}.Release|Any CPU.ActiveCfg = Release|Any CPU
		{943EEE57-70CA-49AE-936F-6E1D5189422B}.Release|Any CPU.Build.0 = Release|Any CPU
		{76E829BB-1323-4677-9FED-073EF032E8E6}.Debug|Any CPU.ActiveCfg = Debug|Any CPU
		{76E829BB-1323-4677-9FED-073EF032E8E6}.Debug|Any CPU.Build.0 = Debug|Any CPU
		{76E829BB-1323-4677-9FED-073EF032E8E6}.Release|Any CPU.ActiveCfg = Release|Any CPU
		{76E829BB-1323-4677-9FED-073EF032E8E6}.Release|Any CPU.Build.0 = Release|Any CPU
		{ECE8B709-1711-458D-8F02-380C4C301F13}.Debug|Any CPU.ActiveCfg = Debug|Any CPU
		{ECE8B709-1711-458D-8F02-380C4C301F13}.Debug|Any CPU.Build.0 = Debug|Any CPU
		{ECE8B709-1711-458D-8F02-380C4C301F13}.Release|Any CPU.ActiveCfg = Release|Any CPU
		{ECE8B709-1711-458D-8F02-380C4C301F13}.Release|Any CPU.Build.0 = Release|Any CPU
		{40E6ECE7-367A-4F95-8492-1D2F6B5C49CD}.Debug|Any CPU.ActiveCfg = Debug|Any CPU
		{40E6ECE7-367A-4F95-8492-1D2F6B5C49CD}.Debug|Any CPU.Build.0 = Debug|Any CPU
		{40E6ECE7-367A-4F95-8492-1D2F6B5C49CD}.Release|Any CPU.ActiveCfg = Release|Any CPU
		{40E6ECE7-367A-4F95-8492-1D2F6B5C49CD}.Release|Any CPU.Build.0 = Release|Any CPU
		{E70B3B63-0C39-4DA7-A390-7AA3FAD4AB4A}.Debug|Any CPU.ActiveCfg = Debug|Any CPU
		{E70B3B63-0C39-4DA7-A390-7AA3FAD4AB4A}.Debug|Any CPU.Build.0 = Debug|Any CPU
		{E70B3B63-0C39-4DA7-A390-7AA3FAD4AB4A}.Release|Any CPU.ActiveCfg = Release|Any CPU
		{E70B3B63-0C39-4DA7-A390-7AA3FAD4AB4A}.Release|Any CPU.Build.0 = Release|Any CPU
		{5F0CCA6B-0AA5-4FD2-AD3A-754217B51301}.Debug|Any CPU.ActiveCfg = Debug|Any CPU
		{5F0CCA6B-0AA5-4FD2-AD3A-754217B51301}.Debug|Any CPU.Build.0 = Debug|Any CPU
		{5F0CCA6B-0AA5-4FD2-AD3A-754217B51301}.Release|Any CPU.ActiveCfg = Release|Any CPU
		{5F0CCA6B-0AA5-4FD2-AD3A-754217B51301}.Release|Any CPU.Build.0 = Release|Any CPU
		{5312B088-9836-4DC2-8EA3-7320E6DED405}.Debug|Any CPU.ActiveCfg = Debug|Any CPU
		{5312B088-9836-4DC2-8EA3-7320E6DED405}.Debug|Any CPU.Build.0 = Debug|Any CPU
		{5312B088-9836-4DC2-8EA3-7320E6DED405}.Release|Any CPU.ActiveCfg = Release|Any CPU
		{5312B088-9836-4DC2-8EA3-7320E6DED405}.Release|Any CPU.Build.0 = Release|Any CPU
	EndGlobalSection
	GlobalSection(SolutionProperties) = preSolution
		HideSolutionNode = FALSE
	EndGlobalSection
	GlobalSection(ExtensibilityGlobals) = postSolution
		SolutionGuid = {A1AC18FB-A372-4DA1-8FDA-DD05120035A6}
	EndGlobalSection
EndGlobal
